{
  "requires": true,
  "lockfileVersion": 1,
  "dependencies": {
    "agora-rtc-sdk": {
      "version": "3.6.5",
      "resolved": "https://registry.npmjs.org/agora-rtc-sdk/-/agora-rtc-sdk-3.6.5.tgz",
      "integrity": "sha512-vdt7LQrRIurzEI0fFXlydOXVnYdCAAvM74MlDm1fFEDm4kPPmglP8NXivtDwYw00LqshKrKvFZQyzFQ+0FR1cw=="
    }
  }
}
